<?xml version="1.0" encoding="UTF-8" standalone="yes" ?>
<CodeBlocks_project_file>
	<FileVersion major="1" minor="6" />
	<Project>
		<Option title="Rechner" />
		<Option pch_mode="2" />
		<Option compiler="gcc" />
		<Build>
			<Target title="Debug">
				<Option output="bin/Debug/Rechner" prefix_auto="1" extension_auto="1" />
				<Option object_output="obj/Debug/" />
				<Option type="1" />
				<Option compiler="gcc" />
				<Compiler>
					<Add option="-g" />
				</Compiler>
			</Target>
			<Target title="Release">
				<Option output="bin/Release/Rechner" prefix_auto="1" extension_auto="1" />
				<Option object_output="obj/Release/" />
				<Option type="1" />
				<Option compiler="gcc" />
				<Compiler>
					<Add option="-O2" />
				</Compiler>
				<Linker>
					<Add option="-s" />
				</Linker>
			</Target>
		</Build>
		<Compiler>
			<Add option="-Wall" />
		</Compiler>
		<Unit filename="bildschirmloeschen.c">
			<Option compilerVar="CC" />
		</Unit>
		<Unit filename="bildschirmloeschen.h" />
		<Unit filename="grundrechenarten.c">
			<Option compilerVar="CC" />
		</Unit>
		<Unit filename="grundrechenarten.h" />
		<Unit filename="grundrechenarten_main.c">
			<Option compilerVar="CC" />
		</Unit>
		<Unit filename="kegel.c">
			<Option compilerVar="CC" />
		</Unit>
		<Unit filename="kegel.h" />
		<Unit filename="kegel_einlesen_werte.c">
			<Option compilerVar="CC" />
		</Unit>
		<Unit filename="kegel_einlesen_werte.h" />
		<Unit filename="kegel_grundflaeche.c">
			<Option compilerVar="CC" />
		</Unit>
		<Unit filename="kegel_grundflaeche.h" />
		<Unit filename="kegel_mantelflaeche.c">
			<Option compilerVar="CC" />
		</Unit>
		<Unit filename="kegel_mantelflaeche.h" />
		<Unit filename="kegel_oberflaeche.c">
			<Option compilerVar="CC" />
		</Unit>
		<Unit filename="kegel_oberflaeche.h" />
		<Unit filename="kegel_seitenhoehe.c">
			<Option compilerVar="CC" />
		</Unit>
		<Unit filename="kegel_seitenhoehe.h" />
		<Unit filename="kegel_volumen.c">
			<Option compilerVar="CC" />
		</Unit>
		<Unit filename="kegel_volumen.h" />
		<Unit filename="koerper.c">
			<Option compilerVar="CC" />
		</Unit>
		<Unit filename="koerper.h" />
		<Unit filename="koerper_main.c">
			<Option compilerVar="CC" />
		</Unit>
		<Unit filename="prozent_zins.c">
			<Option compilerVar="CC" />
		</Unit>
		<Unit filename="prozent_zins.h" />
		<Unit filename="prozent_zins_main.c">
			<Option compilerVar="CC" />
		</Unit>
		<Unit filename="quader.c">
			<Option compilerVar="CC" />
		</Unit>
		<Unit filename="quader.h" />
		<Unit filename="quader_einlesen_werte.c">
			<Option compilerVar="CC" />
		</Unit>
		<Unit filename="quader_einlesen_werte.h" />
		<Unit filename="quader_grundflaeche.c">
			<Option compilerVar="CC" />
		</Unit>
		<Unit filename="quader_grundflaeche.h" />
		<Unit filename="quader_oberflaeche.c">
			<Option compilerVar="CC" />
		</Unit>
		<Unit filename="quader_oberflaeche.h" />
		<Unit filename="quader_volumen.c">
			<Option compilerVar="CC" />
		</Unit>
		<Unit filename="quader_volumen.h" />
		<Unit filename="rechner.c">
			<Option compilerVar="CC" />
		</Unit>
		<Unit filename="rechner.h" />
		<Unit filename="rechner_main.c">
			<Option compilerVar="CC" />
		</Unit>
		<Unit filename="wzg.c">
			<Option compilerVar="CC" />
		</Unit>
		<Unit filename="wzg.h" />
		<Unit filename="wzg_main.c">
			<Option compilerVar="CC" />
		</Unit>
		<Extensions>
			<code_completion />
			<envvars />
			<debugger />
			<lib_finder disable_auto="1" />
		</Extensions>
	</Project>
</CodeBlocks_project_file>
