<?xml version="1.0" encoding="UTF-8" standalone="yes" ?>
<CodeBlocks_project_file>
	<FileVersion major="1" minor="6" />
	<Project>
		<Option title="Rechner" />
		<Option pch_mode="2" />
		<Option compiler="gcc" />
		<Build>
			<Target title="Debug">
				<Option output="bin/Debug/Rechner" prefix_auto="1" extension_auto="1" />
				<Option object_output="obj/Debug/" />
				<Option type="1" />
				<Option compiler="gcc" />
				<Compiler>
					<Add option="-g" />
				</Compiler>
			</Target>
			<Target title="Release">
				<Option output="bin/Release/Rechner" prefix_auto="1" extension_auto="1" />
				<Option object_output="obj/Release/" />
				<Option type="1" />
				<Option compiler="gcc" />
				<Compiler>
					<Add option="-O2" />
				</Compiler>
				<Linker>
					<Add option="-s" />
				</Linker>
			</Target>
		</Build>
		<Compiler>
			<Add option="-Wall" />
		</Compiler>
		<Unit filename="bildschirmloeschen.c">
			<Option compilerVar="CC" />
		</Unit>
		<Unit filename="bildschirmloeschen.h" />
		<Unit filename="flaeche.c">
			<Option compilerVar="CC" />
		</Unit>
		<Unit filename="flaeche.h" />
		<Unit filename="flaeche_main.c">
			<Option compilerVar="CC" />
		</Unit>
		<Unit filename="grundrechenarten.c">
			<Option compilerVar="CC" />
		</Unit>
		<Unit filename="grundrechenarten.h" />
		<Unit filename="grundrechenarten_addition.c">
			<Option compilerVar="CC" />
		</Unit>
		<Unit filename="grundrechenarten_addition.h" />
		<Unit filename="grundrechenarten_division.c">
			<Option compilerVar="CC" />
		</Unit>
		<Unit filename="grundrechenarten_division.h" />
		<Unit filename="grundrechenarten_einlesen_werte.c">
			<Option compilerVar="CC" />
		</Unit>
		<Unit filename="grundrechenarten_einlesen_werte.h" />
		<Unit filename="grundrechenarten_main.c">
			<Option compilerVar="CC" />
		</Unit>
		<Unit filename="grundrechenarten_multiplikation.c">
			<Option compilerVar="CC" />
		</Unit>
		<Unit filename="grundrechenarten_multiplikation.h" />
		<Unit filename="grundrechenarten_subtraktion.c">
			<Option compilerVar="CC" />
		</Unit>
		<Unit filename="grundrechenarten_subtraktion.h" />
		<Unit filename="kegel.c">
			<Option compilerVar="CC" />
		</Unit>
		<Unit filename="kegel.h" />
		<Unit filename="kegel_einlesen_werte.c">
			<Option compilerVar="CC" />
		</Unit>
		<Unit filename="kegel_einlesen_werte.h" />
		<Unit filename="kegel_grundflaeche.c">
			<Option compilerVar="CC" />
		</Unit>
		<Unit filename="kegel_grundflaeche.h" />
		<Unit filename="kegel_mantelflaeche.c">
			<Option compilerVar="CC" />
		</Unit>
		<Unit filename="kegel_mantelflaeche.h" />
		<Unit filename="kegel_oberflaeche.c">
			<Option compilerVar="CC" />
		</Unit>
		<Unit filename="kegel_oberflaeche.h" />
		<Unit filename="kegel_seitenhoehe.c">
			<Option compilerVar="CC" />
		</Unit>
		<Unit filename="kegel_seitenhoehe.h" />
		<Unit filename="kegel_volumen.c">
			<Option compilerVar="CC" />
		</Unit>
		<Unit filename="kegel_volumen.h" />
		<Unit filename="koerper.c">
			<Option compilerVar="CC" />
		</Unit>
		<Unit filename="koerper.h" />
		<Unit filename="koerper_main.c">
			<Option compilerVar="CC" />
		</Unit>
		<Unit filename="kreis.c">
			<Option compilerVar="CC" />
		</Unit>
		<Unit filename="kreis.h" />
		<Unit filename="kreis_durchmesser.c">
			<Option compilerVar="CC" />
		</Unit>
		<Unit filename="kreis_durchmesser.h" />
		<Unit filename="kreis_einlesen_werte.c">
			<Option compilerVar="CC" />
		</Unit>
		<Unit filename="kreis_einlesen_werte.h" />
		<Unit filename="kreis_flaeche.c">
			<Option compilerVar="CC" />
		</Unit>
		<Unit filename="kreis_flaeche.h" />
		<Unit filename="kreis_umfang.c">
			<Option compilerVar="CC" />
		</Unit>
		<Unit filename="kreis_umfang.h" />
		<Unit filename="kugel.c">
			<Option compilerVar="CC" />
		</Unit>
		<Unit filename="kugel.h" />
		<Unit filename="kugel_einlesen_werte.c">
			<Option compilerVar="CC" />
		</Unit>
		<Unit filename="kugel_einlesen_werte.h" />
		<Unit filename="kugel_oberflaeche.c">
			<Option compilerVar="CC" />
		</Unit>
		<Unit filename="kugel_oberflaeche.h" />
		<Unit filename="kugel_volumen.c">
			<Option compilerVar="CC" />
		</Unit>
		<Unit filename="kugel_volumen.h" />
		<Unit filename="prozent.c">
			<Option compilerVar="CC" />
		</Unit>
		<Unit filename="prozent.h" />
		<Unit filename="prozent_einlesen_werte.c">
			<Option compilerVar="CC" />
		</Unit>
		<Unit filename="prozent_einlesen_werte.h" />
		<Unit filename="prozent_grundwert.c">
			<Option compilerVar="CC" />
		</Unit>
		<Unit filename="prozent_grundwert.h" />
		<Unit filename="prozent_prozentsatz.c">
			<Option compilerVar="CC" />
		</Unit>
		<Unit filename="prozent_prozentsatz.h" />
		<Unit filename="prozent_prozentwert.c">
			<Option compilerVar="CC" />
		</Unit>
		<Unit filename="prozent_prozentwert.h" />
		<Unit filename="prozent_zins.c">
			<Option compilerVar="CC" />
		</Unit>
		<Unit filename="prozent_zins.h" />
		<Unit filename="prozent_zins_main.c">
			<Option compilerVar="CC" />
		</Unit>
		<Unit filename="quader.c">
			<Option compilerVar="CC" />
		</Unit>
		<Unit filename="quader.h" />
		<Unit filename="quader_einlesen_werte.c">
			<Option compilerVar="CC" />
		</Unit>
		<Unit filename="quader_einlesen_werte.h" />
		<Unit filename="quader_grundflaeche.c">
			<Option compilerVar="CC" />
		</Unit>
		<Unit filename="quader_grundflaeche.h" />
		<Unit filename="quader_oberflaeche.c">
			<Option compilerVar="CC" />
		</Unit>
		<Unit filename="quader_oberflaeche.h" />
		<Unit filename="quader_volumen.c">
			<Option compilerVar="CC" />
		</Unit>
		<Unit filename="quader_volumen.h" />
		<Unit filename="rechner.c">
			<Option compilerVar="CC" />
		</Unit>
		<Unit filename="rechner.h" />
		<Unit filename="rechner_main.c">
			<Option compilerVar="CC" />
		</Unit>
		<Unit filename="wzg.c">
			<Option compilerVar="CC" />
		</Unit>
		<Unit filename="wzg.h" />
		<Unit filename="wzg_einlesen_werte.c">
			<Option compilerVar="CC" />
		</Unit>
		<Unit filename="wzg_einlesen_werte.h" />
		<Unit filename="wzg_geschwindigkeit.c">
			<Option compilerVar="CC" />
		</Unit>
		<Unit filename="wzg_geschwindigkeit.h" />
		<Unit filename="wzg_main.c">
			<Option compilerVar="CC" />
		</Unit>
		<Unit filename="wzg_weg.c">
			<Option compilerVar="CC" />
		</Unit>
		<Unit filename="wzg_weg.h" />
		<Unit filename="wzg_zeit.c">
			<Option compilerVar="CC" />
		</Unit>
		<Unit filename="wzg_zeit.h" />
		<Unit filename="zins.c">
			<Option compilerVar="CC" />
		</Unit>
		<Unit filename="zins.h" />
		<Unit filename="zins_einlesen_werte.c">
			<Option compilerVar="CC" />
		</Unit>
		<Unit filename="zins_einlesen_werte.h" />
		<Unit filename="zins_jahreszins.c">
			<Option compilerVar="CC" />
		</Unit>
		<Unit filename="zins_jahreszins.h" />
		<Unit filename="zins_jahreszins_kapital.c">
			<Option compilerVar="CC" />
		</Unit>
		<Unit filename="zins_jahreszins_kapital.h" />
		<Unit filename="zins_jahreszins_zinsen.c">
			<Option compilerVar="CC" />
		</Unit>
		<Unit filename="zins_jahreszins_zinsen.h" />
		<Unit filename="zins_jahreszins_zinssatz.c">
			<Option compilerVar="CC" />
		</Unit>
		<Unit filename="zins_jahreszins_zinssatz.h" />
		<Unit filename="zins_monatszins.c">
			<Option compilerVar="CC" />
		</Unit>
		<Unit filename="zins_monatszins.h" />
		<Unit filename="zins_monatszins_kapital.c">
			<Option compilerVar="CC" />
		</Unit>
		<Unit filename="zins_monatszins_kapital.h" />
		<Unit filename="zins_monatszins_zinsen.c">
			<Option compilerVar="CC" />
		</Unit>
		<Unit filename="zins_monatszins_zinsen.h" />
		<Unit filename="zins_monatszins_zinssatz.c">
			<Option compilerVar="CC" />
		</Unit>
		<Unit filename="zins_monatszins_zinssatz.h" />
		<Unit filename="zins_tageszins.c">
			<Option compilerVar="CC" />
		</Unit>
		<Unit filename="zins_tageszins.h" />
		<Unit filename="zins_tageszins_kapital.c">
			<Option compilerVar="CC" />
		</Unit>
		<Unit filename="zins_tageszins_kapital.h" />
		<Unit filename="zins_tageszins_zinsen.c">
			<Option compilerVar="CC" />
		</Unit>
		<Unit filename="zins_tageszins_zinsen.h" />
		<Unit filename="zins_tageszins_zinssatz.c">
			<Option compilerVar="CC" />
		</Unit>
		<Unit filename="zins_tageszins_zinssatz.h" />
		<Unit filename="zinseszins.c">
			<Option compilerVar="CC" />
		</Unit>
		<Unit filename="zinseszins.h" />
		<Unit filename="zinseszins_einlesen_werte.c">
			<Option compilerVar="CC" />
		</Unit>
		<Unit filename="zinseszins_einlesen_werte.h" />
		<Unit filename="zinseszins_endkapital.c">
			<Option compilerVar="CC" />
		</Unit>
		<Unit filename="zinseszins_endkapital.h" />
		<Unit filename="zinseszins_jahre.c">
			<Option compilerVar="CC" />
		</Unit>
		<Unit filename="zinseszins_jahre.h" />
		<Unit filename="zinseszins_startkapital.c">
			<Option compilerVar="CC" />
		</Unit>
		<Unit filename="zinseszins_startkapital.h" />
		<Unit filename="zinseszins_zinssatz.c">
			<Option compilerVar="CC" />
		</Unit>
		<Unit filename="zinseszins_zinssatz.h" />
		<Extensions>
			<code_completion />
			<envvars />
			<debugger />
			<lib_finder disable_auto="1" />
		</Extensions>
	</Project>
</CodeBlocks_project_file>
